
Microsoft Visual Studio Solution File, Format Version 12.00
# Visual Studio Version 16
VisualStudioVersion = 16.0.29424.173
MinimumVisualStudioVersion = 10.0.40219.1
Project("{FAE04EC0-301F-11D3-BF4B-00C04F79EFBC}") = "CreateWordDoc", "CreateWordDoc.csproj", "{DB969A35-70E1-413C-B935-7AD715FD2ED5}"
EndProject
Global
	GlobalSection(SolutionConfigurationPlatforms) = preSolution
		Debug|Any CPU = Debug|Any CPU
		Release|Any CPU = Release|Any CPU
	EndGlobalSection
	GlobalSection(ProjectConfigurationPlatforms) = postSolution
		{DB969A35-70E1-413C-B935-7AD715FD2ED5}.Debug|Any CPU.ActiveCfg = Debug|Any CPU
		{DB969A35-70E1-413C-B935-7AD715FD2ED5}.Debug|Any CPU.Build.0 = Debug|Any CPU
		{DB969A35-70E1-413C-B935-7AD715FD2ED5}.Release|Any CPU.ActiveCfg = Release|Any CPU
		{DB969A35-70E1-413C-B935-7AD715FD2ED5}.Release|Any CPU.Build.0 = Release|Any CPU
	EndGlobalSection
	GlobalSection(SolutionProperties) = preSolution
		HideSolutionNode = FALSE
	EndGlobalSection
	GlobalSection(ExtensibilityGlobals) = postSolution
		SolutionGuid = {B552C865-AA1F-4CD1-A645-90F2FFCD49F1}
	EndGlobalSection
EndGlobal
